Microsoft Visual Studio Solution File, Format Version 12.00
# Visual Studio 2012
Project("{F184B08F-C81C-45F6-A57F-5ABD9991F28F}") = "RichTextBoxJmb", "RichTextBoxJmb.vbproj", "{A607B1EC-307E-40A5-A694-711A6334191B}"
EndProject
Project("{F184B08F-C81C-45F6-A57F-5ABD9991F28F}") = "test", "test\test\test.vbproj", "{D06929DE-EC07-44C8-9A24-F80938D1448A}"
EndProject
Global
	GlobalSection(SolutionConfigurationPlatforms) = preSolution
		Debug|Any CPU = Debug|Any CPU
		Release|Any CPU = Release|Any CPU
	EndGlobalSection
	GlobalSection(ProjectConfigurationPlatforms) = postSolution
		{A607B1EC-307E-40A5-A694-711A6334191B}.Debug|Any CPU.ActiveCfg = Debug|Any CPU
		{A607B1EC-307E-40A5-A694-711A6334191B}.Debug|Any CPU.Build.0 = Debug|Any CPU
		{A607B1EC-307E-40A5-A694-711A6334191B}.Release|Any CPU.ActiveCfg = Release|Any CPU
		{A607B1EC-307E-40A5-A694-711A6334191B}.Release|Any CPU.Build.0 = Release|Any CPU
		{D06929DE-EC07-44C8-9A24-F80938D1448A}.Debug|Any CPU.ActiveCfg = Debug|Any CPU
		{D06929DE-EC07-44C8-9A24-F80938D1448A}.Debug|Any CPU.Build.0 = Debug|Any CPU
		{D06929DE-EC07-44C8-9A24-F80938D1448A}.Release|Any CPU.ActiveCfg = Release|Any CPU
		{D06929DE-EC07-44C8-9A24-F80938D1448A}.Release|Any CPU.Build.0 = Release|Any CPU
	EndGlobalSection
	GlobalSection(SolutionProperties) = preSolution
		HideSolutionNode = FALSE
	EndGlobalSection
EndGlobal
